
Microsoft Visual Studio Solution File, Format Version 12.00
# Visual Studio Version 17
VisualStudioVersion = 17.0.32112.339
MinimumVisualStudioVersion = 10.0.40219.1
Project("{FAE04EC0-301F-11D3-BF4B-00C04F79EFBC}") = "KeSpider", "KeSpider\KeSpider.csproj", "{FD2B2BDE-17A9-42A7-AB1D-9724AF2867BA}"
EndProject
Global
	GlobalSection(SolutionConfigurationPlatforms) = preSolution
		Debug|Any CPU = Debug|Any CPU
		ReleaseAOT|Any CPU = ReleaseAOT|Any CPU
		ReleaseR2R|Any CPU = ReleaseR2R|Any CPU
	EndGlobalSection
	GlobalSection(ProjectConfigurationPlatforms) = postSolution
		{FD2B2BDE-17A9-42A7-AB1D-9724AF2867BA}.Debug|Any CPU.ActiveCfg = Debug|Any CPU
		{FD2B2BDE-17A9-42A7-AB1D-9724AF2867BA}.Debug|Any CPU.Build.0 = Debug|Any CPU
		{FD2B2BDE-17A9-42A7-AB1D-9724AF2867BA}.ReleaseAOT|Any CPU.ActiveCfg = ReleaseAOT|Any CPU
		{FD2B2BDE-17A9-42A7-AB1D-9724AF2867BA}.ReleaseAOT|Any CPU.Build.0 = ReleaseAOT|Any CPU
		{FD2B2BDE-17A9-42A7-AB1D-9724AF2867BA}.ReleaseR2R|Any CPU.ActiveCfg = ReleaseR2R|Any CPU
		{FD2B2BDE-17A9-42A7-AB1D-9724AF2867BA}.ReleaseR2R|Any CPU.Build.0 = ReleaseR2R|Any CPU
	EndGlobalSection
	GlobalSection(SolutionProperties) = preSolution
		HideSolutionNode = FALSE
	EndGlobalSection
	GlobalSection(ExtensibilityGlobals) = postSolution
		SolutionGuid = {28E1AD86-3B11-47B5-BC63-30ED0751214E}
	EndGlobalSection
EndGlobal
